// !$*UTF8*$!
{
	archiveVersion = 1;
	classes = {
	};
	objectVersion = 56;
	objects = {

/* Begin PBXBuildFile section */
		DE0936012A7232EC00FDF0D1 /* StudyTableViewController.swift in Sources */ = {isa = PBXBuildFile; fileRef = DE0936002A7232EC00FDF0D1 /* StudyTableViewController.swift */; };
		DE0936032A72497A00FDF0D1 /* Extension.swift in Sources */ = {isa = PBXBuildFile; fileRef = DE0936022A72497A00FDF0D1 /* Extension.swift */; };
		DE0936052A724CB700FDF0D1 /* Setting.storyboard in Resources */ = {isa = PBXBuildFile; fileRef = DE0936042A724CB700FDF0D1 /* Setting.storyboard */; };
		DE0936082A7272C500FDF0D1 /* ConcentrateTableViewController.swift in Sources */ = {isa = PBXBuildFile; fileRef = DE0936072A7272C500FDF0D1 /* ConcentrateTableViewController.swift */; };
		DE09360A2A72A7CD00FDF0D1 /* SettingTableViewController.swift in Sources */ = {isa = PBXBuildFile; fileRef = DE0936092A72A7CD00FDF0D1 /* SettingTableViewController.swift */; };
		DE35B8792A72032E005ACF3E /* AppDelegate.swift in Sources */ = {isa = PBXBuildFile; fileRef = DE35B8782A72032E005ACF3E /* AppDelegate.swift */; };
		DE35B87B2A72032E005ACF3E /* SceneDelegate.swift in Sources */ = {isa = PBXBuildFile; fileRef = DE35B87A2A72032E005ACF3E /* SceneDelegate.swift */; };
		DE35B87D2A72032E005ACF3E /* ViewController.swift in Sources */ = {isa = PBXBuildFile; fileRef = DE35B87C2A72032E005ACF3E /* ViewController.swift */; };
		DE35B8802A72032E005ACF3E /* Main.storyboard in Resources */ = {isa = PBXBuildFile; fileRef = DE35B87E2A72032E005ACF3E /* Main.storyboard */; };
		DE35B8822A72032F005ACF3E /* Assets.xcassets in Resources */ = {isa = PBXBuildFile; fileRef = DE35B8812A72032F005ACF3E /* Assets.xcassets */; };
		DE35B8852A72032F005ACF3E /* LaunchScreen.storyboard in Resources */ = {isa = PBXBuildFile; fileRef = DE35B8832A72032F005ACF3E /* LaunchScreen.storyboard */; };
		DE35B88D2A720FF2005ACF3E /* ToDoTableViewController.swift in Sources */ = {isa = PBXBuildFile; fileRef = DE35B88C2A720FF2005ACF3E /* ToDoTableViewController.swift */; };
/* End PBXBuildFile section */

/* Begin PBXFileReference section */
		DE0936002A7232EC00FDF0D1 /* StudyTableViewController.swift */ = {isa = PBXFileReference; lastKnownFileType = sourcecode.swift; path = StudyTableViewController.swift; sourceTree = "<group>"; };
		DE0936022A72497A00FDF0D1 /* Extension.swift */ = {isa = PBXFileReference; lastKnownFileType = sourcecode.swift; path = Extension.swift; sourceTree = "<group>"; };
		DE0936042A724CB700FDF0D1 /* Setting.storyboard */ = {isa = PBXFileReference; lastKnownFileType = file.storyboard; path = Setting.storyboard; sourceTree = "<group>"; };
		DE0936072A7272C500FDF0D1 /* ConcentrateTableViewController.swift */ = {isa = PBXFileReference; lastKnownFileType = sourcecode.swift; path = ConcentrateTableViewController.swift; sourceTree = "<group>"; };
		DE0936092A72A7CD00FDF0D1 /* SettingTableViewController.swift */ = {isa = PBXFileReference; lastKnownFileType = sourcecode.swift; path = SettingTableViewController.swift; sourceTree = "<group>"; };
		DE35B8752A72032E005ACF3E /* SeSAC Week3.app */ = {isa = PBXFileReference; explicitFileType = wrapper.application; includeInIndex = 0; path = "SeSAC Week3.app"; sourceTree = BUILT_PRODUCTS_DIR; };
		DE35B8782A72032E005ACF3E /* AppDelegate.swift */ = {isa = PBXFileReference; lastKnownFileType = sourcecode.swift; path = AppDelegate.swift; sourceTree = "<group>"; };
		DE35B87A2A72032E005ACF3E /* SceneDelegate.swift */ = {isa = PBXFileReference; lastKnownFileType = sourcecode.swift; path = SceneDelegate.swift; sourceTree = "<group>"; };
		DE35B87C2A72032E005ACF3E /* ViewController.swift */ = {isa = PBXFileReference; lastKnownFileType = sourcecode.swift; path = ViewController.swift; sourceTree = "<group>"; };
		DE35B87F2A72032E005ACF3E /* Base */ = {isa = PBXFileReference; lastKnownFileType = file.storyboard; name = Base; path = Base.lproj/Main.storyboard; sourceTree = "<group>"; };
		DE35B8812A72032F005ACF3E /* Assets.xcassets */ = {isa = PBXFileReference; lastKnownFileType = folder.assetcatalog; path = Assets.xcassets; sourceTree = "<group>"; };
		DE35B8842A72032F005ACF3E /* Base */ = {isa = PBXFileReference; lastKnownFileType = file.storyboard; name = Base; path = Base.lproj/LaunchScreen.storyboard; sourceTree = "<group>"; };
		DE35B8862A72032F005ACF3E /* Info.plist */ = {isa = PBXFileReference; lastKnownFileType = text.plist.xml; path = Info.plist; sourceTree = "<group>"; };
		DE35B88C2A720FF2005ACF3E /* ToDoTableViewController.swift */ = {isa = PBXFileReference; lastKnownFileType = sourcecode.swift; path = ToDoTableViewController.swift; sourceTree = "<group>"; };
/* End PBXFileReference section */

/* Begin PBXFrameworksBuildPhase section */
		DE35B8722A72032E005ACF3E /* Frameworks */ = {
			isa = PBXFrameworksBuildPhase;
			buildActionMask = 2147483647;
			files = (
			);
			runOnlyForDeploymentPostprocessing = 0;
		};
/* End PBXFrameworksBuildPhase section */

/* Begin PBXGroup section */
		DE0936062A72558500FDF0D1 /* Assignment */ = {
			isa = PBXGroup;
			children = (
				DE0936072A7272C500FDF0D1 /* ConcentrateTableViewController.swift */,
				DE0936042A724CB700FDF0D1 /* Setting.storyboard */,
				DE0936092A72A7CD00FDF0D1 /* SettingTableViewController.swift */,
			);
			path = Assignment;
			sourceTree = "<group>";
		};
		DE35B86C2A72032E005ACF3E = {
			isa = PBXGroup;
			children = (
				DE35B8772A72032E005ACF3E /* SeSAC Week3 */,
				DE35B8762A72032E005ACF3E /* Products */,
			);
			sourceTree = "<group>";
		};
		DE35B8762A72032E005ACF3E /* Products */ = {
			isa = PBXGroup;
			children = (
				DE35B8752A72032E005ACF3E /* SeSAC Week3.app */,
			);
			name = Products;
			sourceTree = "<group>";
		};
		DE35B8772A72032E005ACF3E /* SeSAC Week3 */ = {
			isa = PBXGroup;
			children = (
				DE0936062A72558500FDF0D1 /* Assignment */,
				DE35B88C2A720FF2005ACF3E /* ToDoTableViewController.swift */,
				DE35B8782A72032E005ACF3E /* AppDelegate.swift */,
				DE35B87A2A72032E005ACF3E /* SceneDelegate.swift */,
				DE35B87C2A72032E005ACF3E /* ViewController.swift */,
				DE35B87E2A72032E005ACF3E /* Main.storyboard */,
				DE0936022A72497A00FDF0D1 /* Extension.swift */,
				DE0936002A7232EC00FDF0D1 /* StudyTableViewController.swift */,
				DE35B8812A72032F005ACF3E /* Assets.xcassets */,
				DE35B8832A72032F005ACF3E /* LaunchScreen.storyboard */,
				DE35B8862A72032F005ACF3E /* Info.plist */,
			);
			path = "SeSAC Week3";
			sourceTree = "<group>";
		};
/* End PBXGroup section */

/* Begin PBXNativeTarget section */
		DE35B8742A72032E005ACF3E /* SeSAC Week3 */ = {
			isa = PBXNativeTarget;
			buildConfigurationList = DE35B8892A72032F005ACF3E /* Build configuration list for PBXNativeTarget "SeSAC Week3" */;
			buildPhases = (
				DE35B8712A72032E005ACF3E /* Sources */,
				DE35B8722A72032E005ACF3E /* Frameworks */,
				DE35B8732A72032E005ACF3E /* Resources */,
			);
			buildRules = (
			);
			dependencies = (
			);
			name = "SeSAC Week3";
			productName = "SeSAC Week3";
			productReference = DE35B8752A72032E005ACF3E /* SeSAC Week3.app */;
			productType = "com.apple.product-type.application";
		};
/* End PBXNativeTarget section */

/* Begin PBXProject section */
		DE35B86D2A72032E005ACF3E /* Project object */ = {
			isa = PBXProject;
			attributes = {
				BuildIndependentTargetsInParallel = 1;
				LastSwiftUpdateCheck = 1430;
				LastUpgradeCheck = 1430;
				TargetAttributes = {
					DE35B8742A72032E005ACF3E = {
						CreatedOnToolsVersion = 14.3.1;
					};
				};
			};
			buildConfigurationList = DE35B8702A72032E005ACF3E /* Build configuration list for PBXProject "SeSAC Week3" */;
			compatibilityVersion = "Xcode 14.0";
			developmentRegion = en;
			hasScannedForEncodings = 0;
			knownRegions = (
				en,
				Base,
			);
			mainGroup = DE35B86C2A72032E005ACF3E;
			productRefGroup = DE35B8762A72032E005ACF3E /* Products */;
			projectDirPath = "";
			projectRoot = "";
			targets = (
				DE35B8742A72032E005ACF3E /* SeSAC Week3 */,
			);
		};
/* End PBXProject section */

/* Begin PBXResourcesBuildPhase section */
		DE35B8732A72032E005ACF3E /* Resources */ = {
			isa = PBXResourcesBuildPhase;
			buildActionMask = 2147483647;
			files = (
				DE35B8852A72032F005ACF3E /* LaunchScreen.storyboard in Resources */,
				DE35B8822A72032F005ACF3E /* Assets.xcassets in Resources */,
				DE35B8802A72032E005ACF3E /* Main.storyboard in Resources */,
				DE0936052A724CB700FDF0D1 /* Setting.storyboard in Resources */,
			);
			runOnlyForDeploymentPostprocessing = 0;
		};
/* End PBXResourcesBuildPhase section */

/* Begin PBXSourcesBuildPhase section */
		DE35B8712A72032E005ACF3E /* Sources */ = {
			isa = PBXSourcesBuildPhase;
			buildActionMask = 2147483647;
			files = (
				DE09360A2A72A7CD00FDF0D1 /* SettingTableViewController.swift in Sources */,
				DE35B87D2A72032E005ACF3E /* ViewController.swift in Sources */,
				DE35B88D2A720FF2005ACF3E /* ToDoTableViewController.swift in Sources */,
				DE0936012A7232EC00FDF0D1 /* StudyTableViewController.swift in Sources */,
				DE0936032A72497A00FDF0D1 /* Extension.swift in Sources */,
				DE35B8792A72032E005ACF3E /* AppDelegate.swift in Sources */,
				DE0936082A7272C500FDF0D1 /* ConcentrateTableViewController.swift in Sources */,
				DE35B87B2A72032E005ACF3E /* SceneDelegate.swift in Sources */,
			);
			runOnlyForDeploymentPostprocessing = 0;
		};
/* End PBXSourcesBuildPhase section */

/* Begin PBXVariantGroup section */
		DE35B87E2A72032E005ACF3E /* Main.storyboard */ = {
			isa = PBXVariantGroup;
			children = (
				DE35B87F2A72032E005ACF3E /* Base */,
			);
			name = Main.storyboard;
			sourceTree = "<group>";
		};
		DE35B8832A72032F005ACF3E /* LaunchScreen.storyboard */ = {
			isa = PBXVariantGroup;
			children = (
				DE35B8842A72032F005ACF3E /* Base */,
			);
			name = LaunchScreen.storyboard;
			sourceTree = "<group>";
		};
/* End PBXVariantGroup section */

/* Begin XCBuildConfiguration section */
		DE35B8872A72032F005ACF3E /* Debug */ = {
			isa = XCBuildConfiguration;
			buildSettings = {
				ALWAYS_SEARCH_USER_PATHS = NO;
				CLANG_ANALYZER_NONNULL = YES;
				CLANG_ANALYZER_NUMBER_OBJECT_CONVERSION = YES_AGGRESSIVE;
				CLANG_CXX_LANGUAGE_STANDARD = "gnu++20";
				CLANG_ENABLE_MODULES = YES;
				CLANG_ENABLE_OBJC_ARC = YES;
				CLANG_ENABLE_OBJC_WEAK = YES;
				CLANG_WARN_BLOCK_CAPTURE_AUTORELEASING = YES;
				CLANG_WARN_BOOL_CONVERSION = YES;
				CLANG_WARN_COMMA = YES;
				CLANG_WARN_CONSTANT_CONVERSION = YES;
				CLANG_WARN_DEPRECATED_OBJC_IMPLEMENTATIONS = YES;
				CLANG_WARN_DIRECT_OBJC_ISA_USAGE = YES_ERROR;
				CLANG_WARN_DOCUMENTATION_COMMENTS = YES;
				CLANG_WARN_EMPTY_BODY = YES;
				CLANG_WARN_ENUM_CONVERSION = YES;
				CLANG_WARN_INFINITE_RECURSION = YES;
				CLANG_WARN_INT_CONVERSION = YES;
				CLANG_WARN_NON_LITERAL_NULL_CONVERSION = YES;
				CLANG_WARN_OBJC_IMPLICIT_RETAIN_SELF = YES;
				CLANG_WARN_OBJC_LITERAL_CONVERSION = YES;
				CLANG_WARN_OBJC_ROOT_CLASS = YES_ERROR;
				CLANG_WARN_QUOTED_INCLUDE_IN_FRAMEWORK_HEADER = YES;
				CLANG_WARN_RANGE_LOOP_ANALYSIS = YES;
				CLANG_WARN_STRICT_PROTOTYPES = YES;
				CLANG_WARN_SUSPICIOUS_MOVE = YES;
				CLANG_WARN_UNGUARDED_AVAILABILITY = YES_AGGRESSIVE;
				CLANG_WARN_UNREACHABLE_CODE = YES;
				CLANG_WARN__DUPLICATE_METHOD_MATCH = YES;
				COPY_PHASE_STRIP = NO;
				DEBUG_INFORMATION_FORMAT = dwarf;
				ENABLE_STRICT_OBJC_MSGSEND = YES;
				ENABLE_TESTABILITY = YES;
				GCC_C_LANGUAGE_STANDARD = gnu11;
				GCC_DYNAMIC_NO_PIC = NO;
				GCC_NO_COMMON_BLOCKS = YES;
				GCC_OPTIMIZATION_LEVEL = 0;
				GCC_PREPROCESSOR_DEFINITIONS = (
					"DEBUG=1",
					"$(inherited)",
				);
				GCC_WARN_64_TO_32_BIT_CONVERSION = YES;
				GCC_WARN_ABOUT_RETURN_TYPE = YES_ERROR;
				GCC_WARN_UNDECLARED_SELECTOR = YES;
				GCC_WARN_UNINITIALIZED_AUTOS = YES_AGGRESSIVE;
				GCC_WARN_UNUSED_FUNCTION = YES;
				GCC_WARN_UNUSED_VARIABLE = YES;
				IPHONEOS_DEPLOYMENT_TARGET = 16.4;
				MTL_ENABLE_DEBUG_INFO = INCLUDE_SOURCE;
				MTL_FAST_MATH = YES;
				ONLY_ACTIVE_ARCH = YES;
				SDKROOT = iphoneos;
				SWIFT_ACTIVE_COMPILATION_CONDITIONS = DEBUG;
				SWIFT_OPTIMIZATION_LEVEL = "-Onone";
			};
			name = Debug;
		};
		DE35B8882A72032F005ACF3E /* Release */ = {
			isa = XCBuildConfiguration;
			buildSettings = {
				ALWAYS_SEARCH_USER_PATHS = NO;
				CLANG_ANALYZER_NONNULL = YES;
				CLANG_ANALYZER_NUMBER_OBJECT_CONVERSION = YES_AGGRESSIVE;
				CLANG_CXX_LANGUAGE_STANDARD = "gnu++20";
				CLANG_ENABLE_MODULES = YES;
				CLANG_ENABLE_OBJC_ARC = YES;
				CLANG_ENABLE_OBJC_WEAK = YES;
				CLANG_WARN_BLOCK_CAPTURE_AUTORELEASING = YES;
				CLANG_WARN_BOOL_CONVERSION = YES;
				CLANG_WARN_COMMA = YES;
				CLANG_WARN_CONSTANT_CONVERSION = YES;
				CLANG_WARN_DEPRECATED_OBJC_IMPLEMENTATIONS = YES;
				CLANG_WARN_DIRECT_OBJC_ISA_USAGE = YES_ERROR;
				CLANG_WARN_DOCUMENTATION_COMMENTS = YES;
				CLANG_WARN_EMPTY_BODY = YES;
				CLANG_WARN_ENUM_CONVERSION = YES;
				CLANG_WARN_INFINITE_RECURSION = YES;
				CLANG_WARN_INT_CONVERSION = YES;
				CLANG_WARN_NON_LITERAL_NULL_CONVERSION = YES;
				CLANG_WARN_OBJC_IMPLICIT_RETAIN_SELF = YES;
				CLANG_WARN_OBJC_LITERAL_CONVERSION = YES;
				CLANG_WARN_OBJC_ROOT_CLASS = YES_ERROR;
				CLANG_WARN_QUOTED_INCLUDE_IN_FRAMEWORK_HEADER = YES;
				CLANG_WARN_RANGE_LOOP_ANALYSIS = YES;
				CLANG_WARN_STRICT_PROTOTYPES = YES;
				CLANG_WARN_SUSPICIOUS_MOVE = YES;
				CLANG_WARN_UNGUARDED_AVAILABILITY = YES_AGGRESSIVE;
				CLANG_WARN_UNREACHABLE_CODE = YES;
				CLANG_WARN__DUPLICATE_METHOD_MATCH = YES;
				COPY_PHASE_STRIP = NO;
				DEBUG_INFORMATION_FORMAT = "dwarf-with-dsym";
				ENABLE_NS_ASSERTIONS = NO;
				ENABLE_STRICT_OBJC_MSGSEND = YES;
				GCC_C_LANGUAGE_STANDARD = gnu11;
				GCC_NO_COMMON_BLOCKS = YES;
				GCC_WARN_64_TO_32_BIT_CONVERSION = YES;
				GCC_WARN_ABOUT_RETURN_TYPE = YES_ERROR;
				GCC_WARN_UNDECLARED_SELECTOR = YES;
				GCC_WARN_UNINITIALIZED_AUTOS = YES_AGGRESSIVE;
				GCC_WARN_UNUSED_FUNCTION = YES;
				GCC_WARN_UNUSED_VARIABLE = YES;
				IPHONEOS_DEPLOYMENT_TARGET = 16.4;
				MTL_ENABLE_DEBUG_INFO = NO;
				MTL_FAST_MATH = YES;
				SDKROOT = iphoneos;
				SWIFT_COMPILATION_MODE = wholemodule;
				SWIFT_OPTIMIZATION_LEVEL = "-O";
				VALIDATE_PRODUCT = YES;
			};
			name = Release;
		};
		DE35B88A2A72032F005ACF3E /* Debug */ = {
			isa = XCBuildConfiguration;
			buildSettings = {
				ASSETCATALOG_COMPILER_APPICON_NAME = AppIcon;
				ASSETCATALOG_COMPILER_GLOBAL_ACCENT_COLOR_NAME = AccentColor;
				CODE_SIGN_STYLE = Automatic;
				CURRENT_PROJECT_VERSION = 1;
				DEVELOPMENT_TEAM = AYG8MBJF93;
				GENERATE_INFOPLIST_FILE = YES;
				INFOPLIST_FILE = "SeSAC Week3/Info.plist";
				INFOPLIST_KEY_UIApplicationSupportsIndirectInputEvents = YES;
				INFOPLIST_KEY_UILaunchStoryboardName = LaunchScreen;
				INFOPLIST_KEY_UIMainStoryboardFile = Main;
				INFOPLIST_KEY_UISupportedInterfaceOrientations_iPad = "UIInterfaceOrientationPortrait UIInterfaceOrientationPortraitUpsideDown UIInterfaceOrientationLandscapeLeft UIInterfaceOrientationLandscapeRight";
				INFOPLIST_KEY_UISupportedInterfaceOrientations_iPhone = "UIInterfaceOrientationPortrait UIInterfaceOrientationLandscapeLeft UIInterfaceOrientationLandscapeRight";
				LD_RUNPATH_SEARCH_PATHS = (
					"$(inherited)",
					"@executable_path/Frameworks",
				);
				MARKETING_VERSION = 1.0;
				PRODUCT_BUNDLE_IDENTIFIER = "ILWAT-com.github.SeSAC-Week3";
				PRODUCT_NAME = "$(TARGET_NAME)";
				SWIFT_EMIT_LOC_STRINGS = YES;
				SWIFT_VERSION = 5.0;
				TARGETED_DEVICE_FAMILY = "1,2";
			};
			name = Debug;
		};
		DE35B88B2A72032F005ACF3E /* Release */ = {
			isa = XCBuildConfiguration;
			buildSettings = {
				ASSETCATALOG_COMPILER_APPICON_NAME = AppIcon;
				ASSETCATALOG_COMPILER_GLOBAL_ACCENT_COLOR_NAME = AccentColor;
				CODE_SIGN_STYLE = Automatic;
				CURRENT_PROJECT_VERSION = 1;
				DEVELOPMENT_TEAM = AYG8MBJF93;
				GENERATE_INFOPLIST_FILE = YES;
				INFOPLIST_FILE = "SeSAC Week3/Info.plist";
				INFOPLIST_KEY_UIApplicationSupportsIndirectInputEvents = YES;
				INFOPLIST_KEY_UILaunchStoryboardName = LaunchScreen;
				INFOPLIST_KEY_UIMainStoryboardFile = Main;
				INFOPLIST_KEY_UISupportedInterfaceOrientations_iPad = "UIInterfaceOrientationPortrait UIInterfaceOrientationPortraitUpsideDown UIInterfaceOrientationLandscapeLeft UIInterfaceOrientationLandscapeRight";
				INFOPLIST_KEY_UISupportedInterfaceOrientations_iPhone = "UIInterfaceOrientationPortrait UIInterfaceOrientationLandscapeLeft UIInterfaceOrientationLandscapeRight";
				LD_RUNPATH_SEARCH_PATHS = (
					"$(inherited)",
					"@executable_path/Frameworks",
				);
				MARKETING_VERSION = 1.0;
				PRODUCT_BUNDLE_IDENTIFIER = "ILWAT-com.github.SeSAC-Week3";
				PRODUCT_NAME = "$(TARGET_NAME)";
				SWIFT_EMIT_LOC_STRINGS = YES;
				SWIFT_VERSION = 5.0;
				TARGETED_DEVICE_FAMILY = "1,2";
			};
			name = Release;
		};
/* End XCBuildConfiguration section */

/* Begin XCConfigurationList section */
		DE35B8702A72032E005ACF3E /* Build configuration list for PBXProject "SeSAC Week3" */ = {
			isa = XCConfigurationList;
			buildConfigurations = (
				DE35B8872A72032F005ACF3E /* Debug */,
				DE35B8882A72032F005ACF3E /* Release */,
			);
			defaultConfigurationIsVisible = 0;
			defaultConfigurationName = Release;
		};
		DE35B8892A72032F005ACF3E /* Build configuration list for PBXNativeTarget "SeSAC Week3" */ = {
			isa = XCConfigurationList;
			buildConfigurations = (
				DE35B88A2A72032F005ACF3E /* Debug */,
				DE35B88B2A72032F005ACF3E /* Release */,
			);
			defaultConfigurationIsVisible = 0;
			defaultConfigurationName = Release;
		};
/* End XCConfigurationList section */
	};
	rootObject = DE35B86D2A72032E005ACF3E /* Project object */;
}
